
Microsoft Visual Studio Solution File, Format Version 11.00
# Visual Studio 2010
Project("{FAE04EC0-301F-11D3-BF4B-00C04F79EFBC}") = "SharpSteer2.WinDemo", "SharpSteer2.WinDemo\SharpSteer2.WinDemo\SharpSteer2.WinDemo.csproj", "{FA916A7F-95D5-4A8E-AF68-3B5E142AD242}"
EndProject
Project("{FAE04EC0-301F-11D3-BF4B-00C04F79EFBC}") = "SharpSteer2", "SharpSteer2\SharpSteer2.csproj", "{8BF6911D-A163-4CFB-813C-B8B4170C3988}"
EndProject
Project("{FAE04EC0-301F-11D3-BF4B-00C04F79EFBC}") = "SharpSteer2.Tests", "SharpSteer2.Tests\SharpSteer2.Tests.csproj", "{A7952769-CC98-43B4-99D5-E172417F4453}"
EndProject
Project("{2150E333-8FDC-42A3-9474-1A3956D46DE8}") = "Solution Items", "Solution Items", "{274F6D7B-4D5A-419F-A0BD-5AFA2182B2C2}"
	ProjectSection(SolutionItems) = preProject
		Local.testsettings = Local.testsettings
		SharpSteer2.vsmdi = SharpSteer2.vsmdi
		TraceAndTestImpact.testsettings = TraceAndTestImpact.testsettings
	EndProjectSection
EndProject
Project("{FAE04EC0-301F-11D3-BF4B-00C04F79EFBC}") = "SharpSteer2.WinDemoContent", "SharpSteer2.WinDemo\SharpSteer2.WinDemoContent\SharpSteer2.WinDemoContent.contentproj", "{5057B41F-613F-4C6B-A522-42B15B54F3EF}"
EndProject
Global
	GlobalSection(TestCaseManagementSettings) = postSolution
		CategoryFile = SharpSteer2.vsmdi
	EndGlobalSection
	GlobalSection(SolutionConfigurationPlatforms) = preSolution
		Debug|Any CPU = Debug|Any CPU
		Debug|Mixed Platforms = Debug|Mixed Platforms
		Debug|x86 = Debug|x86
		Release|Any CPU = Release|Any CPU
		Release|Mixed Platforms = Release|Mixed Platforms
		Release|x86 = Release|x86
	EndGlobalSection
	GlobalSection(ProjectConfigurationPlatforms) = postSolution
		{FA916A7F-95D5-4A8E-AF68-3B5E142AD242}.Debug|Any CPU.ActiveCfg = Debug|x86
		{FA916A7F-95D5-4A8E-AF68-3B5E142AD242}.Debug|Mixed Platforms.ActiveCfg = Debug|x86
		{FA916A7F-95D5-4A8E-AF68-3B5E142AD242}.Debug|Mixed Platforms.Build.0 = Debug|x86
		{FA916A7F-95D5-4A8E-AF68-3B5E142AD242}.Debug|x86.ActiveCfg = Debug|x86
		{FA916A7F-95D5-4A8E-AF68-3B5E142AD242}.Debug|x86.Build.0 = Debug|x86
		{FA916A7F-95D5-4A8E-AF68-3B5E142AD242}.Release|Any CPU.ActiveCfg = Release|x86
		{FA916A7F-95D5-4A8E-AF68-3B5E142AD242}.Release|Mixed Platforms.ActiveCfg = Release|x86
		{FA916A7F-95D5-4A8E-AF68-3B5E142AD242}.Release|Mixed Platforms.Build.0 = Release|x86
		{FA916A7F-95D5-4A8E-AF68-3B5E142AD242}.Release|x86.ActiveCfg = Release|x86
		{FA916A7F-95D5-4A8E-AF68-3B5E142AD242}.Release|x86.Build.0 = Release|x86
		{8BF6911D-A163-4CFB-813C-B8B4170C3988}.Debug|Any CPU.ActiveCfg = Debug|x86
		{8BF6911D-A163-4CFB-813C-B8B4170C3988}.Debug|Mixed Platforms.ActiveCfg = Debug|x86
		{8BF6911D-A163-4CFB-813C-B8B4170C3988}.Debug|Mixed Platforms.Build.0 = Debug|x86
		{8BF6911D-A163-4CFB-813C-B8B4170C3988}.Debug|x86.ActiveCfg = Debug|x86
		{8BF6911D-A163-4CFB-813C-B8B4170C3988}.Debug|x86.Build.0 = Debug|x86
		{8BF6911D-A163-4CFB-813C-B8B4170C3988}.Release|Any CPU.ActiveCfg = Release|x86
		{8BF6911D-A163-4CFB-813C-B8B4170C3988}.Release|Mixed Platforms.ActiveCfg = Release|x86
		{8BF6911D-A163-4CFB-813C-B8B4170C3988}.Release|Mixed Platforms.Build.0 = Release|x86
		{8BF6911D-A163-4CFB-813C-B8B4170C3988}.Release|x86.ActiveCfg = Release|x86
		{8BF6911D-A163-4CFB-813C-B8B4170C3988}.Release|x86.Build.0 = Release|x86
		{A7952769-CC98-43B4-99D5-E172417F4453}.Debug|Any CPU.ActiveCfg = Debug|Any CPU
		{A7952769-CC98-43B4-99D5-E172417F4453}.Debug|Any CPU.Build.0 = Debug|Any CPU
		{A7952769-CC98-43B4-99D5-E172417F4453}.Debug|Mixed Platforms.ActiveCfg = Debug|Any CPU
		{A7952769-CC98-43B4-99D5-E172417F4453}.Debug|Mixed Platforms.Build.0 = Debug|Any CPU
		{A7952769-CC98-43B4-99D5-E172417F4453}.Debug|x86.ActiveCfg = Debug|Any CPU
		{A7952769-CC98-43B4-99D5-E172417F4453}.Release|Any CPU.ActiveCfg = Release|Any CPU
		{A7952769-CC98-43B4-99D5-E172417F4453}.Release|Any CPU.Build.0 = Release|Any CPU
		{A7952769-CC98-43B4-99D5-E172417F4453}.Release|Mixed Platforms.ActiveCfg = Release|Any CPU
		{A7952769-CC98-43B4-99D5-E172417F4453}.Release|Mixed Platforms.Build.0 = Release|Any CPU
		{A7952769-CC98-43B4-99D5-E172417F4453}.Release|x86.ActiveCfg = Release|Any CPU
		{5057B41F-613F-4C6B-A522-42B15B54F3EF}.Debug|Any CPU.ActiveCfg = Debug|x86
		{5057B41F-613F-4C6B-A522-42B15B54F3EF}.Debug|Mixed Platforms.ActiveCfg = Debug|x86
		{5057B41F-613F-4C6B-A522-42B15B54F3EF}.Debug|x86.ActiveCfg = Debug|x86
		{5057B41F-613F-4C6B-A522-42B15B54F3EF}.Release|Any CPU.ActiveCfg = Release|x86
		{5057B41F-613F-4C6B-A522-42B15B54F3EF}.Release|Mixed Platforms.ActiveCfg = Release|x86
		{5057B41F-613F-4C6B-A522-42B15B54F3EF}.Release|x86.ActiveCfg = Release|x86
	EndGlobalSection
	GlobalSection(SolutionProperties) = preSolution
		HideSolutionNode = FALSE
	EndGlobalSection
EndGlobal
